
Microsoft Visual Studio Solution File, Format Version 12.00
# Visual Studio Version 16
VisualStudioVersion = 16.0.29009.5
MinimumVisualStudioVersion = 10.0.40219.1
Project("{FAE04EC0-301F-11D3-BF4B-00C04F79EFBC}") = "BranchingTest", "BranchingTest\BranchingTest.csproj", "{813BAD04-4C03-4E40-ACA4-0E749295694C}"
EndProject
Global
	GlobalSection(SolutionConfigurationPlatforms) = preSolution
		Debug|Any CPU = Debug|Any CPU
		Release|Any CPU = Release|Any CPU
	EndGlobalSection
	GlobalSection(ProjectConfigurationPlatforms) = postSolution
		{813BAD04-4C03-4E40-ACA4-0E749295694C}.Debug|Any CPU.ActiveCfg = Debug|Any CPU
		{813BAD04-4C03-4E40-ACA4-0E749295694C}.Debug|Any CPU.Build.0 = Debug|Any CPU
		{813BAD04-4C03-4E40-ACA4-0E749295694C}.Release|Any CPU.ActiveCfg = Release|Any CPU
		{813BAD04-4C03-4E40-ACA4-0E749295694C}.Release|Any CPU.Build.0 = Release|Any CPU
	EndGlobalSection
	GlobalSection(SolutionProperties) = preSolution
		HideSolutionNode = FALSE
	EndGlobalSection
	GlobalSection(ExtensibilityGlobals) = postSolution
		SolutionGuid = {043C4996-18D4-41D3-AC35-719AB7AEEA5B}
	EndGlobalSection
EndGlobal
